Microsoft Visual Studio Solution File, Format Version 12.00
# Visual Studio Version 17
VisualStudioVersion = 17.6.33829.357
MinimumVisualStudioVersion = 10.0.40219.1
Project("{2150E333-8FDC-42A3-9474-1A3956D46DE8}") = "src", "src", "{550CA918-30C5-4D30-8292-FCDB742589D2}"
EndProject
Project("{FAE04EC0-301F-11D3-BF4B-00C04F79EFBC}") = "Domain", "Domain\Domain.csproj", "{064D1007-EBBE-42A9-98C9-3A525CDBA19F}"
EndProject
Project("{FAE04EC0-301F-11D3-BF4B-00C04F79EFBC}") = "Application", "Application\Application.csproj", "{C2B6D697-77BD-4194-9ACB-2D57FB96CD01}"
EndProject
Project("{FAE04EC0-301F-11D3-BF4B-00C04F79EFBC}") = "Infrastructure", "Infrastructure\Infrastructure.csproj", "{7B1858CA-47BC-4B44-AD8B-3AEBE8BDB2A3}"
EndProject
Project("{FAE04EC0-301F-11D3-BF4B-00C04F79EFBC}") = "Presentation", "Presentation\Presentation.csproj", "{FFB4A599-3F31-4245-BF14-845CCD2F466F}"
EndProject
Project("{FAE04EC0-301F-11D3-BF4B-00C04F79EFBC}") = "WebApp", "WebApp\WebApp.csproj", "{A843DFDA-050A-40ED-817B-3ED96E815C41}"
EndProject
Global
	GlobalSection(SolutionConfigurationPlatforms) = preSolution
		Debug|Any CPU = Debug|Any CPU
		Release|Any CPU = Release|Any CPU
	EndGlobalSection
	GlobalSection(ProjectConfigurationPlatforms) = postSolution
		{064D1007-EBBE-42A9-98C9-3A525CDBA19F}.Debug|Any CPU.ActiveCfg = Debug|Any CPU
		{064D1007-EBBE-42A9-98C9-3A525CDBA19F}.Debug|Any CPU.Build.0 = Debug|Any CPU
		{064D1007-EBBE-42A9-98C9-3A525CDBA19F}.Release|Any CPU.ActiveCfg = Release|Any CPU
		{064D1007-EBBE-42A9-98C9-3A525CDBA19F}.Release|Any CPU.Build.0 = Release|Any CPU
		{C2B6D697-77BD-4194-9ACB-2D57FB96CD01}.Debug|Any CPU.ActiveCfg = Debug|Any CPU
		{C2B6D697-77BD-4194-9ACB-2D57FB96CD01}.Debug|Any CPU.Build.0 = Debug|Any CPU
		{C2B6D697-77BD-4194-9ACB-2D57FB96CD01}.Release|Any CPU.ActiveCfg = Release|Any CPU
		{C2B6D697-77BD-4194-9ACB-2D57FB96CD01}.Release|Any CPU.Build.0 = Release|Any CPU
		{7B1858CA-47BC-4B44-AD8B-3AEBE8BDB2A3}.Debug|Any CPU.ActiveCfg = Debug|Any CPU
		{7B1858CA-47BC-4B44-AD8B-3AEBE8BDB2A3}.Debug|Any CPU.Build.0 = Debug|Any CPU
		{7B1858CA-47BC-4B44-AD8B-3AEBE8BDB2A3}.Release|Any CPU.ActiveCfg = Release|Any CPU
		{7B1858CA-47BC-4B44-AD8B-3AEBE8BDB2A3}.Release|Any CPU.Build.0 = Release|Any CPU
		{FFB4A599-3F31-4245-BF14-845CCD2F466F}.Debug|Any CPU.ActiveCfg = Debug|Any CPU
		{FFB4A599-3F31-4245-BF14-845CCD2F466F}.Debug|Any CPU.Build.0 = Debug|Any CPU
		{FFB4A599-3F31-4245-BF14-845CCD2F466F}.Release|Any CPU.ActiveCfg = Release|Any CPU
		{FFB4A599-3F31-4245-BF14-845CCD2F466F}.Release|Any CPU.Build.0 = Release|Any CPU
		{A843DFDA-050A-40ED-817B-3ED96E815C41}.Debug|Any CPU.ActiveCfg = Debug|Any CPU
		{A843DFDA-050A-40ED-817B-3ED96E815C41}.Debug|Any CPU.Build.0 = Debug|Any CPU
		{A843DFDA-050A-40ED-817B-3ED96E815C41}.Release|Any CPU.ActiveCfg = Release|Any CPU
		{A843DFDA-050A-40ED-817B-3ED96E815C41}.Release|Any CPU.Build.0 = Release|Any CPU
	EndGlobalSection
	GlobalSection(SolutionProperties) = preSolution
		HideSolutionNode = FALSE
	EndGlobalSection
	GlobalSection(NestedProjects) = preSolution
		{064D1007-EBBE-42A9-98C9-3A525CDBA19F} = {550CA918-30C5-4D30-8292-FCDB742589D2}
		{C2B6D697-77BD-4194-9ACB-2D57FB96CD01} = {550CA918-30C5-4D30-8292-FCDB742589D2}
		{7B1858CA-47BC-4B44-AD8B-3AEBE8BDB2A3} = {550CA918-30C5-4D30-8292-FCDB742589D2}
		{FFB4A599-3F31-4245-BF14-845CCD2F466F} = {550CA918-30C5-4D30-8292-FCDB742589D2}
	EndGlobalSection
	GlobalSection(ExtensibilityGlobals) = postSolution
		SolutionGuid = {7BD9C715-C4AA-4410-BCC6-1DBD4F25E873}
	EndGlobalSection
EndGlobal
